
Microsoft Visual Studio Solution File, Format Version 12.00
# Visual Studio Version 17
VisualStudioVersion = 17.8.34525.116
MinimumVisualStudioVersion = 10.0.40219.1
Project("{FAE04EC0-301F-11D3-BF4B-00C04F79EFBC}") = "Language_Translator", "Language_Translator\Language_Translator.csproj", "{D740C5E2-31A4-4C71-B84F-A84CF51B8235}"
EndProject
Global
	GlobalSection(SolutionConfigurationPlatforms) = preSolution
		Debug|Any CPU = Debug|Any CPU
		Release|Any CPU = Release|Any CPU
	EndGlobalSection
	GlobalSection(ProjectConfigurationPlatforms) = postSolution
		{D740C5E2-31A4-4C71-B84F-A84CF51B8235}.Debug|Any CPU.ActiveCfg = Debug|Any CPU
		{D740C5E2-31A4-4C71-B84F-A84CF51B8235}.Debug|Any CPU.Build.0 = Debug|Any CPU
		{D740C5E2-31A4-4C71-B84F-A84CF51B8235}.Release|Any CPU.ActiveCfg = Release|Any CPU
		{D740C5E2-31A4-4C71-B84F-A84CF51B8235}.Release|Any CPU.Build.0 = Release|Any CPU
	EndGlobalSection
	GlobalSection(SolutionProperties) = preSolution
		HideSolutionNode = FALSE
	EndGlobalSection
	GlobalSection(ExtensibilityGlobals) = postSolution
		SolutionGuid = {01E79B60-BEA7-440A-8A5E-6CED4DF4E8D3}
	EndGlobalSection
EndGlobal
